
Microsoft Visual Studio Solution File, Format Version 12.00
# Visual Studio 14
VisualStudioVersion = 14.0.25123.0
MinimumVisualStudioVersion = 10.0.40219.1
Project("{FAE04EC0-301F-11D3-BF4B-00C04F79EFBC}") = "PhotoGallery.DB", "PhotoGallery.DB\PhotoGallery.DB.csproj", "{BFBFB25E-53B6-42AF-8C73-7135B22E4D72}"
EndProject
Project("{FAE04EC0-301F-11D3-BF4B-00C04F79EFBC}") = "PhotoGallery.WebUI", "PhotoGallery.WebUI\PhotoGallery.WebUI.csproj", "{9341D929-172C-43C2-B6DC-879DC5BC6BF9}"
EndProject
Global
	GlobalSection(SolutionConfigurationPlatforms) = preSolution
		Debug|Any CPU = Debug|Any CPU
		Release|Any CPU = Release|Any CPU
	EndGlobalSection
	GlobalSection(ProjectConfigurationPlatforms) = postSolution
		{BFBFB25E-53B6-42AF-8C73-7135B22E4D72}.Debug|Any CPU.ActiveCfg = Debug|Any CPU
		{BFBFB25E-53B6-42AF-8C73-7135B22E4D72}.Debug|Any CPU.Build.0 = Debug|Any CPU
		{BFBFB25E-53B6-42AF-8C73-7135B22E4D72}.Release|Any CPU.ActiveCfg = Release|Any CPU
		{BFBFB25E-53B6-42AF-8C73-7135B22E4D72}.Release|Any CPU.Build.0 = Release|Any CPU
		{9341D929-172C-43C2-B6DC-879DC5BC6BF9}.Debug|Any CPU.ActiveCfg = Debug|Any CPU
		{9341D929-172C-43C2-B6DC-879DC5BC6BF9}.Debug|Any CPU.Build.0 = Debug|Any CPU
		{9341D929-172C-43C2-B6DC-879DC5BC6BF9}.Release|Any CPU.ActiveCfg = Release|Any CPU
		{9341D929-172C-43C2-B6DC-879DC5BC6BF9}.Release|Any CPU.Build.0 = Release|Any CPU
	EndGlobalSection
	GlobalSection(SolutionProperties) = preSolution
		HideSolutionNode = FALSE
	EndGlobalSection
EndGlobal
